
Microsoft Visual Studio Solution File, Format Version 12.00
# Visual Studio Version 16
VisualStudioVersion = 25.0.1704.4
MinimumVisualStudioVersion = 10.0.40219.1
Project("{FAE04EC0-301F-11D3-BF4B-00C04F79EFBC}") = "restouran", "restouran\restouran.csproj", "{EE7C9B6E-3208-4228-BF1D-A6C92FF12F25}"
EndProject
Global
	GlobalSection(SolutionConfigurationPlatforms) = preSolution
		Debug|Any CPU = Debug|Any CPU
		Release|Any CPU = Release|Any CPU
	EndGlobalSection
	GlobalSection(ProjectConfigurationPlatforms) = postSolution
		{EE7C9B6E-3208-4228-BF1D-A6C92FF12F25}.Debug|Any CPU.ActiveCfg = Debug|Any CPU
		{EE7C9B6E-3208-4228-BF1D-A6C92FF12F25}.Debug|Any CPU.Build.0 = Debug|Any CPU
		{EE7C9B6E-3208-4228-BF1D-A6C92FF12F25}.Release|Any CPU.ActiveCfg = Release|Any CPU
		{EE7C9B6E-3208-4228-BF1D-A6C92FF12F25}.Release|Any CPU.Build.0 = Release|Any CPU
	EndGlobalSection
	GlobalSection(SolutionProperties) = preSolution
		HideSolutionNode = FALSE
	EndGlobalSection
	GlobalSection(ExtensibilityGlobals) = postSolution
		SolutionGuid = {A9FBDE47-8384-4221-B92C-1CCB9ADF674A}
	EndGlobalSection
EndGlobal
